
Microsoft Visual Studio Solution File, Format Version 12.00
# Visual Studio Version 16
VisualStudioVersion = 16.0.30011.22
MinimumVisualStudioVersion = 10.0.40219.1
Project("{9A19103F-16F7-4668-BE54-9A1E7A4F7556}") = "Blog-back-end", "Blog-back-end\Blog-back-end.csproj", "{CC71E2E0-453F-4DC7-80D7-4B79CD786620}"
EndProject
Project("{9A19103F-16F7-4668-BE54-9A1E7A4F7556}") = "Application", "Application\Application.csproj", "{A4ADBC84-B5D5-48D5-BAC7-C5B132228828}"
EndProject
Project("{FAE04EC0-301F-11D3-BF4B-00C04F79EFBC}") = "Infrastructure", "Infrastructure\Infrastructure.csproj", "{A391950A-DC4F-4BC1-B7BB-E7CB05BE7695}"
EndProject
Global
	GlobalSection(SolutionConfigurationPlatforms) = preSolution
		Debug|Any CPU = Debug|Any CPU
		Release|Any CPU = Release|Any CPU
	EndGlobalSection
	GlobalSection(ProjectConfigurationPlatforms) = postSolution
		{CC71E2E0-453F-4DC7-80D7-4B79CD786620}.Debug|Any CPU.ActiveCfg = Debug|Any CPU
		{CC71E2E0-453F-4DC7-80D7-4B79CD786620}.Debug|Any CPU.Build.0 = Debug|Any CPU
		{CC71E2E0-453F-4DC7-80D7-4B79CD786620}.Release|Any CPU.ActiveCfg = Release|Any CPU
		{CC71E2E0-453F-4DC7-80D7-4B79CD786620}.Release|Any CPU.Build.0 = Release|Any CPU
		{A4ADBC84-B5D5-48D5-BAC7-C5B132228828}.Debug|Any CPU.ActiveCfg = Debug|Any CPU
		{A4ADBC84-B5D5-48D5-BAC7-C5B132228828}.Debug|Any CPU.Build.0 = Debug|Any CPU
		{A4ADBC84-B5D5-48D5-BAC7-C5B132228828}.Release|Any CPU.ActiveCfg = Release|Any CPU
		{A4ADBC84-B5D5-48D5-BAC7-C5B132228828}.Release|Any CPU.Build.0 = Release|Any CPU
		{A391950A-DC4F-4BC1-B7BB-E7CB05BE7695}.Debug|Any CPU.ActiveCfg = Debug|Any CPU
		{A391950A-DC4F-4BC1-B7BB-E7CB05BE7695}.Debug|Any CPU.Build.0 = Debug|Any CPU
		{A391950A-DC4F-4BC1-B7BB-E7CB05BE7695}.Release|Any CPU.ActiveCfg = Release|Any CPU
		{A391950A-DC4F-4BC1-B7BB-E7CB05BE7695}.Release|Any CPU.Build.0 = Release|Any CPU
	EndGlobalSection
	GlobalSection(SolutionProperties) = preSolution
		HideSolutionNode = FALSE
	EndGlobalSection
	GlobalSection(ExtensibilityGlobals) = postSolution
		SolutionGuid = {E1BA3F8C-2A27-40A9-8814-F260D6D215B2}
	EndGlobalSection
EndGlobal
